// !$*UTF8*$!
{
	archiveVersion = 1;
	classes = {
	};
	objectVersion = 46;
	objects = {

/* Begin PBXBuildFile section */
		93104FCF1AD233BA00A81977 /* AppDelegate.swift in Sources */ = {isa = PBXBuildFile; fileRef = 93104FCE1AD233BA00A81977 /* AppDelegate.swift */; };
		93104FD11AD233BA00A81977 /* ViewController.swift in Sources */ = {isa = PBXBuildFile; fileRef = 93104FD01AD233BA00A81977 /* ViewController.swift */; };
		93104FD41AD233BA00A81977 /* Main.storyboard in Resources */ = {isa = PBXBuildFile; fileRef = 93104FD21AD233BA00A81977 /* Main.storyboard */; };
		93104FD61AD233BA00A81977 /* Images.xcassets in Resources */ = {isa = PBXBuildFile; fileRef = 93104FD51AD233BA00A81977 /* Images.xcassets */; };
		93104FD91AD233BA00A81977 /* LaunchScreen.xib in Resources */ = {isa = PBXBuildFile; fileRef = 93104FD71AD233BA00A81977 /* LaunchScreen.xib */; };
		93104FE51AD233BA00A81977 /* waveButtonTests.swift in Sources */ = {isa = PBXBuildFile; fileRef = 93104FE41AD233BA00A81977 /* waveButtonTests.swift */; };
		93104FF41AD2540500A81977 /* waveButton.swift in Sources */ = {isa = PBXBuildFile; fileRef = 93104FF31AD2540500A81977 /* waveButton.swift */; };
/* End PBXBuildFile section */

/* Begin PBXContainerItemProxy section */
		93104FDF1AD233BA00A81977 /* PBXContainerItemProxy */ = {
			isa = PBXContainerItemProxy;
			containerPortal = 93104FC11AD233BA00A81977 /* Project object */;
			proxyType = 1;
			remoteGlobalIDString = 93104FC81AD233BA00A81977;
			remoteInfo = waveButton;
		};
/* End PBXContainerItemProxy section */

/* Begin PBXFileReference section */
		93104FC91AD233BA00A81977 /* waveButton.app */ = {isa = PBXFileReference; explicitFileType = wrapper.application; includeInIndex = 0; path = waveButton.app; sourceTree = BUILT_PRODUCTS_DIR; };
		93104FCD1AD233BA00A81977 /* Info.plist */ = {isa = PBXFileReference; lastKnownFileType = text.plist.xml; path = Info.plist; sourceTree = "<group>"; };
		93104FCE1AD233BA00A81977 /* AppDelegate.swift */ = {isa = PBXFileReference; lastKnownFileType = sourcecode.swift; path = AppDelegate.swift; sourceTree = "<group>"; };
		93104FD01AD233BA00A81977 /* ViewController.swift */ = {isa = PBXFileReference; lastKnownFileType = sourcecode.swift; path = ViewController.swift; sourceTree = "<group>"; };
		93104FD31AD233BA00A81977 /* Base */ = {isa = PBXFileReference; lastKnownFileType = file.storyboard; name = Base; path = Base.lproj/Main.storyboard; sourceTree = "<group>"; };
		93104FD51AD233BA00A81977 /* Images.xcassets */ = {isa = PBXFileReference; lastKnownFileType = folder.assetcatalog; path = Images.xcassets; sourceTree = "<group>"; };
		93104FD81AD233BA00A81977 /* Base */ = {isa = PBXFileReference; lastKnownFileType = file.xib; name = Base; path = Base.lproj/LaunchScreen.xib; sourceTree = "<group>"; };
		93104FDE1AD233BA00A81977 /* waveButtonTests.xctest */ = {isa = PBXFileReference; explicitFileType = wrapper.cfbundle; includeInIndex = 0; path = waveButtonTests.xctest; sourceTree = BUILT_PRODUCTS_DIR; };
		93104FE31AD233BA00A81977 /* Info.plist */ = {isa = PBXFileReference; lastKnownFileType = text.plist.xml; path = Info.plist; sourceTree = "<group>"; };
		93104FE41AD233BA00A81977 /* waveButtonTests.swift */ = {isa = PBXFileReference; lastKnownFileType = sourcecode.swift; path = waveButtonTests.swift; sourceTree = "<group>"; };
		93104FF31AD2540500A81977 /* waveButton.swift */ = {isa = PBXFileReference; fileEncoding = 4; lastKnownFileType = sourcecode.swift; path = waveButton.swift; sourceTree = "<group>"; };
/* End PBXFileReference section */

/* Begin PBXFrameworksBuildPhase section */
		93104FC61AD233BA00A81977 /* Frameworks */ = {
			isa = PBXFrameworksBuildPhase;
			buildActionMask = 2147483647;
			files = (
			);
			runOnlyForDeploymentPostprocessing = 0;
		};
		93104FDB1AD233BA00A81977 /* Frameworks */ = {
			isa = PBXFrameworksBuildPhase;
			buildActionMask = 2147483647;
			files = (
			);
			runOnlyForDeploymentPostprocessing = 0;
		};
/* End PBXFrameworksBuildPhase section */

/* Begin PBXGroup section */
		93104FC01AD233BA00A81977 = {
			isa = PBXGroup;
			children = (
				93104FCB1AD233BA00A81977 /* waveButton */,
				93104FE11AD233BA00A81977 /* waveButtonTests */,
				93104FCA1AD233BA00A81977 /* Products */,
			);
			sourceTree = "<group>";
		};
		93104FCA1AD233BA00A81977 /* Products */ = {
			isa = PBXGroup;
			children = (
				93104FC91AD233BA00A81977 /* waveButton.app */,
				93104FDE1AD233BA00A81977 /* waveButtonTests.xctest */,
			);
			name = Products;
			sourceTree = "<group>";
		};
		93104FCB1AD233BA00A81977 /* waveButton */ = {
			isa = PBXGroup;
			children = (
				93104FF31AD2540500A81977 /* waveButton.swift */,
				93104FD21AD233BA00A81977 /* Main.storyboard */,
				93104FCC1AD233BA00A81977 /* Supporting Files */,
			);
			path = waveButton;
			sourceTree = "<group>";
		};
		93104FCC1AD233BA00A81977 /* Supporting Files */ = {
			isa = PBXGroup;
			children = (
				93104FD01AD233BA00A81977 /* ViewController.swift */,
				93104FD51AD233BA00A81977 /* Images.xcassets */,
				93104FD71AD233BA00A81977 /* LaunchScreen.xib */,
				93104FCE1AD233BA00A81977 /* AppDelegate.swift */,
				93104FCD1AD233BA00A81977 /* Info.plist */,
			);
			name = "Supporting Files";
			sourceTree = "<group>";
		};
		93104FE11AD233BA00A81977 /* waveButtonTests */ = {
			isa = PBXGroup;
			children = (
				93104FE41AD233BA00A81977 /* waveButtonTests.swift */,
				93104FE21AD233BA00A81977 /* Supporting Files */,
			);
			path = waveButtonTests;
			sourceTree = "<group>";
		};
		93104FE21AD233BA00A81977 /* Supporting Files */ = {
			isa = PBXGroup;
			children = (
				93104FE31AD233BA00A81977 /* Info.plist */,
			);
			name = "Supporting Files";
			sourceTree = "<group>";
		};
/* End PBXGroup section */

/* Begin PBXNativeTarget section */
		93104FC81AD233BA00A81977 /* waveButton */ = {
			isa = PBXNativeTarget;
			buildConfigurationList = 93104FE81AD233BA00A81977 /* Build configuration list for PBXNativeTarget "waveButton" */;
			buildPhases = (
				93104FC51AD233BA00A81977 /* Sources */,
				93104FC61AD233BA00A81977 /* Frameworks */,
				93104FC71AD233BA00A81977 /* Resources */,
			);
			buildRules = (
			);
			dependencies = (
			);
			name = waveButton;
			productName = waveButton;
			productReference = 93104FC91AD233BA00A81977 /* waveButton.app */;
			productType = "com.apple.product-type.application";
		};
		93104FDD1AD233BA00A81977 /* waveButtonTests */ = {
			isa = PBXNativeTarget;
			buildConfigurationList = 93104FEB1AD233BA00A81977 /* Build configuration list for PBXNativeTarget "waveButtonTests" */;
			buildPhases = (
				93104FDA1AD233BA00A81977 /* Sources */,
				93104FDB1AD233BA00A81977 /* Frameworks */,
				93104FDC1AD233BA00A81977 /* Resources */,
			);
			buildRules = (
			);
			dependencies = (
				93104FE01AD233BA00A81977 /* PBXTargetDependency */,
			);
			name = waveButtonTests;
			productName = waveButtonTests;
			productReference = 93104FDE1AD233BA00A81977 /* waveButtonTests.xctest */;
			productType = "com.apple.product-type.bundle.unit-test";
		};
/* End PBXNativeTarget section */

/* Begin PBXProject section */
		93104FC11AD233BA00A81977 /* Project object */ = {
			isa = PBXProject;
			attributes = {
				LastUpgradeCheck = 0620;
				ORGANIZATIONNAME = Aaron;
				TargetAttributes = {
					93104FC81AD233BA00A81977 = {
						CreatedOnToolsVersion = 6.2;
					};
					93104FDD1AD233BA00A81977 = {
						CreatedOnToolsVersion = 6.2;
						TestTargetID = 93104FC81AD233BA00A81977;
					};
				};
			};
			buildConfigurationList = 93104FC41AD233BA00A81977 /* Build configuration list for PBXProject "waveButton" */;
			compatibilityVersion = "Xcode 3.2";
			developmentRegion = English;
			hasScannedForEncodings = 0;
			knownRegions = (
				en,
				Base,
			);
			mainGroup = 93104FC01AD233BA00A81977;
			productRefGroup = 93104FCA1AD233BA00A81977 /* Products */;
			projectDirPath = "";
			projectRoot = "";
			targets = (
				93104FC81AD233BA00A81977 /* waveButton */,
				93104FDD1AD233BA00A81977 /* waveButtonTests */,
			);
		};
/* End PBXProject section */

/* Begin PBXResourcesBuildPhase section */
		93104FC71AD233BA00A81977 /* Resources */ = {
			isa = PBXResourcesBuildPhase;
			buildActionMask = 2147483647;
			files = (
				93104FD41AD233BA00A81977 /* Main.storyboard in Resources */,
				93104FD91AD233BA00A81977 /* LaunchScreen.xib in Resources */,
				93104FD61AD233BA00A81977 /* Images.xcassets in Resources */,
			);
			runOnlyForDeploymentPostprocessing = 0;
		};
		93104FDC1AD233BA00A81977 /* Resources */ = {
			isa = PBXResourcesBuildPhase;
			buildActionMask = 2147483647;
			files = (
			);
			runOnlyForDeploymentPostprocessing = 0;
		};
/* End PBXResourcesBuildPhase section */

/* Begin PBXSourcesBuildPhase section */
		93104FC51AD233BA00A81977 /* Sources */ = {
			isa = PBXSourcesBuildPhase;
			buildActionMask = 2147483647;
			files = (
				93104FD11AD233BA00A81977 /* ViewController.swift in Sources */,
				93104FCF1AD233BA00A81977 /* AppDelegate.swift in Sources */,
				93104FF41AD2540500A81977 /* waveButton.swift in Sources */,
			);
			runOnlyForDeploymentPostprocessing = 0;
		};
		93104FDA1AD233BA00A81977 /* Sources */ = {
			isa = PBXSourcesBuildPhase;
			buildActionMask = 2147483647;
			files = (
				93104FE51AD233BA00A81977 /* waveButtonTests.swift in Sources */,
			);
			runOnlyForDeploymentPostprocessing = 0;
		};
/* End PBXSourcesBuildPhase section */

/* Begin PBXTargetDependency section */
		93104FE01AD233BA00A81977 /* PBXTargetDependency */ = {
			isa = PBXTargetDependency;
			target = 93104FC81AD233BA00A81977 /* waveButton */;
			targetProxy = 93104FDF1AD233BA00A81977 /* PBXContainerItemProxy */;
		};
/* End PBXTargetDependency section */

/* Begin PBXVariantGroup section */
		93104FD21AD233BA00A81977 /* Main.storyboard */ = {
			isa = PBXVariantGroup;
			children = (
				93104FD31AD233BA00A81977 /* Base */,
			);
			name = Main.storyboard;
			sourceTree = "<group>";
		};
		93104FD71AD233BA00A81977 /* LaunchScreen.xib */ = {
			isa = PBXVariantGroup;
			children = (
				93104FD81AD233BA00A81977 /* Base */,
			);
			name = LaunchScreen.xib;
			sourceTree = "<group>";
		};
/* End PBXVariantGroup section */

/* Begin XCBuildConfiguration section */
		93104FE61AD233BA00A81977 /* Debug */ = {
			isa = XCBuildConfiguration;
			buildSettings = {
				ALWAYS_SEARCH_USER_PATHS = NO;
				CLANG_CXX_LANGUAGE_STANDARD = "gnu++0x";
				CLANG_CXX_LIBRARY = "libc++";
				CLANG_ENABLE_MODULES = YES;
				CLANG_ENABLE_OBJC_ARC = YES;
				CLANG_WARN_BOOL_CONVERSION = YES;
				CLANG_WARN_CONSTANT_CONVERSION = YES;
				CLANG_WARN_DIRECT_OBJC_ISA_USAGE = YES_ERROR;
				CLANG_WARN_EMPTY_BODY = YES;
				CLANG_WARN_ENUM_CONVERSION = YES;
				CLANG_WARN_INT_CONVERSION = YES;
				CLANG_WARN_OBJC_ROOT_CLASS = YES_ERROR;
				CLANG_WARN_UNREACHABLE_CODE = YES;
				CLANG_WARN__DUPLICATE_METHOD_MATCH = YES;
				"CODE_SIGN_IDENTITY[sdk=iphoneos*]" = "iPhone Developer";
				COPY_PHASE_STRIP = NO;
				ENABLE_STRICT_OBJC_MSGSEND = YES;
				GCC_C_LANGUAGE_STANDARD = gnu99;
				GCC_DYNAMIC_NO_PIC = NO;
				GCC_OPTIMIZATION_LEVEL = 0;
				GCC_PREPROCESSOR_DEFINITIONS = (
					"DEBUG=1",
					"$(inherited)",
				);
				GCC_SYMBOLS_PRIVATE_EXTERN = NO;
				GCC_WARN_64_TO_32_BIT_CONVERSION = YES;
				GCC_WARN_ABOUT_RETURN_TYPE = YES_ERROR;
				GCC_WARN_UNDECLARED_SELECTOR = YES;
				GCC_WARN_UNINITIALIZED_AUTOS = YES_AGGRESSIVE;
				GCC_WARN_UNUSED_FUNCTION = YES;
				GCC_WARN_UNUSED_VARIABLE = YES;
				IPHONEOS_DEPLOYMENT_TARGET = 8.2;
				MTL_ENABLE_DEBUG_INFO = YES;
				ONLY_ACTIVE_ARCH = YES;
				SDKROOT = iphoneos;
				SWIFT_OPTIMIZATION_LEVEL = "-Onone";
			};
			name = Debug;
		};
		93104FE71AD233BA00A81977 /* Release */ = {
			isa = XCBuildConfiguration;
			buildSettings = {
				ALWAYS_SEARCH_USER_PATHS = NO;
				CLANG_CXX_LANGUAGE_STANDARD = "gnu++0x";
				CLANG_CXX_LIBRARY = "libc++";
				CLANG_ENABLE_MODULES = YES;
				CLANG_ENABLE_OBJC_ARC = YES;
				CLANG_WARN_BOOL_CONVERSION = YES;
				CLANG_WARN_CONSTANT_CONVERSION = YES;
				CLANG_WARN_DIRECT_OBJC_ISA_USAGE = YES_ERROR;
				CLANG_WARN_EMPTY_BODY = YES;
				CLANG_WARN_ENUM_CONVERSION = YES;
				CLANG_WARN_INT_CONVERSION = YES;
				CLANG_WARN_OBJC_ROOT_CLASS = YES_ERROR;
				CLANG_WARN_UNREACHABLE_CODE = YES;
				CLANG_WARN__DUPLICATE_METHOD_MATCH = YES;
				"CODE_SIGN_IDENTITY[sdk=iphoneos*]" = "iPhone Developer";
				COPY_PHASE_STRIP = NO;
				ENABLE_NS_ASSERTIONS = NO;
				ENABLE_STRICT_OBJC_MSGSEND = YES;
				GCC_C_LANGUAGE_STANDARD = gnu99;
				GCC_WARN_64_TO_32_BIT_CONVERSION = YES;
				GCC_WARN_ABOUT_RETURN_TYPE = YES_ERROR;
				GCC_WARN_UNDECLARED_SELECTOR = YES;
				GCC_WARN_UNINITIALIZED_AUTOS = YES_AGGRESSIVE;
				GCC_WARN_UNUSED_FUNCTION = YES;
				GCC_WARN_UNUSED_VARIABLE = YES;
				IPHONEOS_DEPLOYMENT_TARGET = 8.2;
				MTL_ENABLE_DEBUG_INFO = NO;
				SDKROOT = iphoneos;
				VALIDATE_PRODUCT = YES;
			};
			name = Release;
		};
		93104FE91AD233BA00A81977 /* Debug */ = {
			isa = XCBuildConfiguration;
			buildSettings = {
				ASSETCATALOG_COMPILER_APPICON_NAME = AppIcon;
				INFOPLIST_FILE = waveButton/Info.plist;
				LD_RUNPATH_SEARCH_PATHS = "$(inherited) @executable_path/Frameworks";
				PRODUCT_NAME = "$(TARGET_NAME)";
			};
			name = Debug;
		};
		93104FEA1AD233BA00A81977 /* Release */ = {
			isa = XCBuildConfiguration;
			buildSettings = {
				ASSETCATALOG_COMPILER_APPICON_NAME = AppIcon;
				INFOPLIST_FILE = waveButton/Info.plist;
				LD_RUNPATH_SEARCH_PATHS = "$(inherited) @executable_path/Frameworks";
				PRODUCT_NAME = "$(TARGET_NAME)";
			};
			name = Release;
		};
		93104FEC1AD233BA00A81977 /* Debug */ = {
			isa = XCBuildConfiguration;
			buildSettings = {
				BUNDLE_LOADER = "$(TEST_HOST)";
				FRAMEWORK_SEARCH_PATHS = (
					"$(SDKROOT)/Developer/Library/Frameworks",
					"$(inherited)",
				);
				GCC_PREPROCESSOR_DEFINITIONS = (
					"DEBUG=1",
					"$(inherited)",
				);
				INFOPLIST_FILE = waveButtonTests/Info.plist;
				LD_RUNPATH_SEARCH_PATHS = "$(inherited) @executable_path/Frameworks @loader_path/Frameworks";
				PRODUCT_NAME = "$(TARGET_NAME)";
				TEST_HOST = "$(BUILT_PRODUCTS_DIR)/waveButton.app/waveButton";
			};
			name = Debug;
		};
		93104FED1AD233BA00A81977 /* Release */ = {
			isa = XCBuildConfiguration;
			buildSettings = {
				BUNDLE_LOADER = "$(TEST_HOST)";
				FRAMEWORK_SEARCH_PATHS = (
					"$(SDKROOT)/Developer/Library/Frameworks",
					"$(inherited)",
				);
				INFOPLIST_FILE = waveButtonTests/Info.plist;
				LD_RUNPATH_SEARCH_PATHS = "$(inherited) @executable_path/Frameworks @loader_path/Frameworks";
				PRODUCT_NAME = "$(TARGET_NAME)";
				TEST_HOST = "$(BUILT_PRODUCTS_DIR)/waveButton.app/waveButton";
			};
			name = Release;
		};
/* End XCBuildConfiguration section */

/* Begin XCConfigurationList section */
		93104FC41AD233BA00A81977 /* Build configuration list for PBXProject "waveButton" */ = {
			isa = XCConfigurationList;
			buildConfigurations = (
				93104FE61AD233BA00A81977 /* Debug */,
				93104FE71AD233BA00A81977 /* Release */,
			);
			defaultConfigurationIsVisible = 0;
			defaultConfigurationName = Release;
		};
		93104FE81AD233BA00A81977 /* Build configuration list for PBXNativeTarget "waveButton" */ = {
			isa = XCConfigurationList;
			buildConfigurations = (
				93104FE91AD233BA00A81977 /* Debug */,
				93104FEA1AD233BA00A81977 /* Release */,
			);
			defaultConfigurationIsVisible = 0;
		};
		93104FEB1AD233BA00A81977 /* Build configuration list for PBXNativeTarget "waveButtonTests" */ = {
			isa = XCConfigurationList;
			buildConfigurations = (
				93104FEC1AD233BA00A81977 /* Debug */,
				93104FED1AD233BA00A81977 /* Release */,
			);
			defaultConfigurationIsVisible = 0;
		};
/* End XCConfigurationList section */
	};
	rootObject = 93104FC11AD233BA00A81977 /* Project object */;
}
